
Microsoft Visual Studio Solution File, Format Version 12.00
# Visual Studio Version 16
VisualStudioVersion = 16.0.30011.22
MinimumVisualStudioVersion = 10.0.40219.1
Project("{9A19103F-16F7-4668-BE54-9A1E7A4F7556}") = "IdentityManaging.IdentityServer.API", "IdentityManaging.IdentityServer.API\IdentityManaging.IdentityServer.API.csproj", "{BD890C35-09AA-495D-BF5B-025D342D8778}"
EndProject
Project("{9A19103F-16F7-4668-BE54-9A1E7A4F7556}") = "IdentityManaging.IdentityServer.Infrastructure", "IdentityManaging.IdentityServer.Infrastructure\IdentityManaging.IdentityServer.Infrastructure.csproj", "{C0264C0B-05F1-4A7A-B643-B863231A3A70}"
EndProject
Project("{9A19103F-16F7-4668-BE54-9A1E7A4F7556}") = "IdentityManaging.IdentityServer.Domain", "IdentityManaging.IdentityServer.Domain\IdentityManaging.IdentityServer.Domain.csproj", "{2B599791-E8A0-4064-89CB-CDED8F17E22B}"
EndProject
Project("{9A19103F-16F7-4668-BE54-9A1E7A4F7556}") = "IdentityManaging.IdentityServer", "IdentityManaging.IdentityServer\IdentityManaging.IdentityServer.csproj", "{11EF646C-79E7-44C0-A547-F54AC59A8A10}"
EndProject
Project("{FAE04EC0-301F-11D3-BF4B-00C04F79EFBC}") = "IdentityManaging.Application", "IdentityManaging.Application\IdentityManaging.Application.csproj", "{DF11EB5D-0C01-4331-B251-47303FBA8BFE}"
EndProject
Project("{FAE04EC0-301F-11D3-BF4B-00C04F79EFBC}") = "IdentityManaging.Infrastructure", "IdentityManaging.Infrastructure\IdentityManaging.Infrastructure.csproj", "{989B663A-D1FC-46C2-997B-35D870272986}"
EndProject
Project("{FAE04EC0-301F-11D3-BF4B-00C04F79EFBC}") = "IdentityManaging.Domain", "IdentityManaging.Domain\IdentityManaging.Domain.csproj", "{03E1FA94-720C-4136-8AFA-F5BD68CDA932}"
EndProject
Global
	GlobalSection(SolutionConfigurationPlatforms) = preSolution
		Debug|Any CPU = Debug|Any CPU
		Release|Any CPU = Release|Any CPU
	EndGlobalSection
	GlobalSection(ProjectConfigurationPlatforms) = postSolution
		{BD890C35-09AA-495D-BF5B-025D342D8778}.Debug|Any CPU.ActiveCfg = Debug|Any CPU
		{BD890C35-09AA-495D-BF5B-025D342D8778}.Debug|Any CPU.Build.0 = Debug|Any CPU
		{BD890C35-09AA-495D-BF5B-025D342D8778}.Release|Any CPU.ActiveCfg = Release|Any CPU
		{BD890C35-09AA-495D-BF5B-025D342D8778}.Release|Any CPU.Build.0 = Release|Any CPU
		{C0264C0B-05F1-4A7A-B643-B863231A3A70}.Debug|Any CPU.ActiveCfg = Debug|Any CPU
		{C0264C0B-05F1-4A7A-B643-B863231A3A70}.Debug|Any CPU.Build.0 = Debug|Any CPU
		{C0264C0B-05F1-4A7A-B643-B863231A3A70}.Release|Any CPU.ActiveCfg = Release|Any CPU
		{C0264C0B-05F1-4A7A-B643-B863231A3A70}.Release|Any CPU.Build.0 = Release|Any CPU
		{2B599791-E8A0-4064-89CB-CDED8F17E22B}.Debug|Any CPU.ActiveCfg = Debug|Any CPU
		{2B599791-E8A0-4064-89CB-CDED8F17E22B}.Debug|Any CPU.Build.0 = Debug|Any CPU
		{2B599791-E8A0-4064-89CB-CDED8F17E22B}.Release|Any CPU.ActiveCfg = Release|Any CPU
		{2B599791-E8A0-4064-89CB-CDED8F17E22B}.Release|Any CPU.Build.0 = Release|Any CPU
		{11EF646C-79E7-44C0-A547-F54AC59A8A10}.Debug|Any CPU.ActiveCfg = Debug|Any CPU
		{11EF646C-79E7-44C0-A547-F54AC59A8A10}.Debug|Any CPU.Build.0 = Debug|Any CPU
		{11EF646C-79E7-44C0-A547-F54AC59A8A10}.Release|Any CPU.ActiveCfg = Release|Any CPU
		{11EF646C-79E7-44C0-A547-F54AC59A8A10}.Release|Any CPU.Build.0 = Release|Any CPU
		{DF11EB5D-0C01-4331-B251-47303FBA8BFE}.Debug|Any CPU.ActiveCfg = Debug|Any CPU
		{DF11EB5D-0C01-4331-B251-47303FBA8BFE}.Debug|Any CPU.Build.0 = Debug|Any CPU
		{DF11EB5D-0C01-4331-B251-47303FBA8BFE}.Release|Any CPU.ActiveCfg = Release|Any CPU
		{DF11EB5D-0C01-4331-B251-47303FBA8BFE}.Release|Any CPU.Build.0 = Release|Any CPU
		{989B663A-D1FC-46C2-997B-35D870272986}.Debug|Any CPU.ActiveCfg = Debug|Any CPU
		{989B663A-D1FC-46C2-997B-35D870272986}.Debug|Any CPU.Build.0 = Debug|Any CPU
		{989B663A-D1FC-46C2-997B-35D870272986}.Release|Any CPU.ActiveCfg = Release|Any CPU
		{989B663A-D1FC-46C2-997B-35D870272986}.Release|Any CPU.Build.0 = Release|Any CPU
		{03E1FA94-720C-4136-8AFA-F5BD68CDA932}.Debug|Any CPU.ActiveCfg = Debug|Any CPU
		{03E1FA94-720C-4136-8AFA-F5BD68CDA932}.Debug|Any CPU.Build.0 = Debug|Any CPU
		{03E1FA94-720C-4136-8AFA-F5BD68CDA932}.Release|Any CPU.ActiveCfg = Release|Any CPU
		{03E1FA94-720C-4136-8AFA-F5BD68CDA932}.Release|Any CPU.Build.0 = Release|Any CPU
	EndGlobalSection
	GlobalSection(SolutionProperties) = preSolution
		HideSolutionNode = FALSE
	EndGlobalSection
	GlobalSection(ExtensibilityGlobals) = postSolution
		SolutionGuid = {9D1340AF-65BD-4EC8-8EB2-B4C9C708B705}
	EndGlobalSection
EndGlobal
